
Microsoft Visual Studio Solution File, Format Version 12.00
# Visual Studio Version 17
VisualStudioVersion = 17.4.33213.308
MinimumVisualStudioVersion = 10.0.40219.1
Project("{9A19103F-16F7-4668-BE54-9A1E7A4F7556}") = "UminoWeb.API", "UminoWeb.API\UminoWeb.API.csproj", "{F708B638-8674-4C5E-980A-3B89C5F7B6F6}"
EndProject
Project("{9A19103F-16F7-4668-BE54-9A1E7A4F7556}") = "UminoWeb.DAL", "UminoWeb.DAL\UminoWeb.DAL.csproj", "{07112E00-928C-46C0-A0EE-1A2D581F6870}"
EndProject
Project("{9A19103F-16F7-4668-BE54-9A1E7A4F7556}") = "UminoWeb.BLL", "UminoWeb.BLL\UminoWeb.BLL.csproj", "{28B2941E-927B-4D46-A580-B2958CB65CB2}"
EndProject
Project("{FAE04EC0-301F-11D3-BF4B-00C04F79EFBC}") = "Umino.Authentication", "Umino.Authentication\Umino.Authentication.csproj", "{715DB053-09A5-49DC-85C0-011DE432ACE3}"
EndProject
Global
	GlobalSection(SolutionConfigurationPlatforms) = preSolution
		Debug|Any CPU = Debug|Any CPU
		Release|Any CPU = Release|Any CPU
	EndGlobalSection
	GlobalSection(ProjectConfigurationPlatforms) = postSolution
		{F708B638-8674-4C5E-980A-3B89C5F7B6F6}.Debug|Any CPU.ActiveCfg = Debug|Any CPU
		{F708B638-8674-4C5E-980A-3B89C5F7B6F6}.Debug|Any CPU.Build.0 = Debug|Any CPU
		{F708B638-8674-4C5E-980A-3B89C5F7B6F6}.Release|Any CPU.ActiveCfg = Release|Any CPU
		{F708B638-8674-4C5E-980A-3B89C5F7B6F6}.Release|Any CPU.Build.0 = Release|Any CPU
		{07112E00-928C-46C0-A0EE-1A2D581F6870}.Debug|Any CPU.ActiveCfg = Debug|Any CPU
		{07112E00-928C-46C0-A0EE-1A2D581F6870}.Debug|Any CPU.Build.0 = Debug|Any CPU
		{07112E00-928C-46C0-A0EE-1A2D581F6870}.Release|Any CPU.ActiveCfg = Release|Any CPU
		{07112E00-928C-46C0-A0EE-1A2D581F6870}.Release|Any CPU.Build.0 = Release|Any CPU
		{28B2941E-927B-4D46-A580-B2958CB65CB2}.Debug|Any CPU.ActiveCfg = Debug|Any CPU
		{28B2941E-927B-4D46-A580-B2958CB65CB2}.Debug|Any CPU.Build.0 = Debug|Any CPU
		{28B2941E-927B-4D46-A580-B2958CB65CB2}.Release|Any CPU.ActiveCfg = Release|Any CPU
		{28B2941E-927B-4D46-A580-B2958CB65CB2}.Release|Any CPU.Build.0 = Release|Any CPU
		{715DB053-09A5-49DC-85C0-011DE432ACE3}.Debug|Any CPU.ActiveCfg = Debug|Any CPU
		{715DB053-09A5-49DC-85C0-011DE432ACE3}.Debug|Any CPU.Build.0 = Debug|Any CPU
		{715DB053-09A5-49DC-85C0-011DE432ACE3}.Release|Any CPU.ActiveCfg = Release|Any CPU
		{715DB053-09A5-49DC-85C0-011DE432ACE3}.Release|Any CPU.Build.0 = Release|Any CPU
	EndGlobalSection
	GlobalSection(SolutionProperties) = preSolution
		HideSolutionNode = FALSE
	EndGlobalSection
	GlobalSection(ExtensibilityGlobals) = postSolution
		SolutionGuid = {4423E526-A435-4CB0-94CD-791D10E29959}
	EndGlobalSection
EndGlobal
